// !$*UTF8*$!
{
	archiveVersion = 1;
	classes = {
	};
	objectVersion = 46;
	objects = {

/* Begin PBXBuildFile section */
		0C0242CF1AE29C7A004B7AE5 /* AppDelegate.swift in Sources */ = {isa = PBXBuildFile; fileRef = 0C0242CE1AE29C7A004B7AE5 /* AppDelegate.swift */; };
		0C0242D11AE29C7A004B7AE5 /* GameScene.sks in Resources */ = {isa = PBXBuildFile; fileRef = 0C0242D01AE29C7A004B7AE5 /* GameScene.sks */; };
		0C0242D31AE29C7A004B7AE5 /* GameScene.swift in Sources */ = {isa = PBXBuildFile; fileRef = 0C0242D21AE29C7A004B7AE5 /* GameScene.swift */; };
		0C0242D51AE29C7A004B7AE5 /* GameViewController.swift in Sources */ = {isa = PBXBuildFile; fileRef = 0C0242D41AE29C7A004B7AE5 /* GameViewController.swift */; };
		0C0242D81AE29C7A004B7AE5 /* Main.storyboard in Resources */ = {isa = PBXBuildFile; fileRef = 0C0242D61AE29C7A004B7AE5 /* Main.storyboard */; };
		0C0242DA1AE29C7A004B7AE5 /* Images.xcassets in Resources */ = {isa = PBXBuildFile; fileRef = 0C0242D91AE29C7A004B7AE5 /* Images.xcassets */; };
		0C0242DD1AE29C7A004B7AE5 /* LaunchScreen.xib in Resources */ = {isa = PBXBuildFile; fileRef = 0C0242DB1AE29C7A004B7AE5 /* LaunchScreen.xib */; };
		0C0242E91AE29C7A004B7AE5 /* FridayRunnerTests.swift in Sources */ = {isa = PBXBuildFile; fileRef = 0C0242E81AE29C7A004B7AE5 /* FridayRunnerTests.swift */; };
		0C0242F81AE29CAB004B7AE5 /* JSTileMap.m in Sources */ = {isa = PBXBuildFile; fileRef = 0C0242F51AE29CAB004B7AE5 /* JSTileMap.m */; };
		0C0242F91AE29CAB004B7AE5 /* LFCGzipUtility.m in Sources */ = {isa = PBXBuildFile; fileRef = 0C0242F71AE29CAB004B7AE5 /* LFCGzipUtility.m */; };
		0C0242FB1AE29CD9004B7AE5 /* libz.dylib in Frameworks */ = {isa = PBXBuildFile; fileRef = 0C0242FA1AE29CD9004B7AE5 /* libz.dylib */; };
		0C0243011AE29DD8004B7AE5 /* start.tmx in Resources */ = {isa = PBXBuildFile; fileRef = 0C0242FE1AE29DD8004B7AE5 /* start.tmx */; };
		0C0243021AE29DD8004B7AE5 /* floor.png in Resources */ = {isa = PBXBuildFile; fileRef = 0C0243001AE29DD8004B7AE5 /* floor.png */; };
		0C0243081AE3CE94004B7AE5 /* BBLayout.png in Resources */ = {isa = PBXBuildFile; fileRef = 0C0243061AE3CE94004B7AE5 /* BBLayout.png */; };
		0C0243091AE3CE94004B7AE5 /* renderedLayout.png in Resources */ = {isa = PBXBuildFile; fileRef = 0C0243071AE3CE94004B7AE5 /* renderedLayout.png */; };
		0C02430B1AE3CE9D004B7AE5 /* layout map.tmx in Resources */ = {isa = PBXBuildFile; fileRef = 0C02430A1AE3CE9D004B7AE5 /* layout map.tmx */; };
		0C3289151AE4401300E897CD /* GameObject.swift in Sources */ = {isa = PBXBuildFile; fileRef = 0C3289141AE4401300E897CD /* GameObject.swift */; };
		0C3289181AE440E800E897CD /* Player.swift in Sources */ = {isa = PBXBuildFile; fileRef = 0C3289171AE440E800E897CD /* Player.swift */; };
		0C34443D1B069B31006E4477 /* player.atlas in Resources */ = {isa = PBXBuildFile; fileRef = 0C34443C1B069B31006E4477 /* player.atlas */; };
		0C677D9D1AE5236500400B89 /* simple_bullet.png in Resources */ = {isa = PBXBuildFile; fileRef = 0C677D9C1AE5236500400B89 /* simple_bullet.png */; };
		0C677D9F1AE55ED300400B89 /* Bullet.swift in Sources */ = {isa = PBXBuildFile; fileRef = 0C677D9E1AE55ED300400B89 /* Bullet.swift */; };
		0C6D85331AEE2AB500E30418 /* StoreKit.framework in Frameworks */ = {isa = PBXBuildFile; fileRef = 0C6D85321AEE2AB500E30418 /* StoreKit.framework */; };
		0C6D85351AEE2AD200E30418 /* GameKit.framework in Frameworks */ = {isa = PBXBuildFile; fileRef = 0C6D85341AEE2AD200E30418 /* GameKit.framework */; };
		0C9B9F3F1AEF982E009AED22 /* map21.tmx in Resources */ = {isa = PBXBuildFile; fileRef = 0C9B9F3E1AEF982E009AED22 /* map21.tmx */; };
		0CE3B7BD1B01417B00162DE4 /* PLAYER.png in Resources */ = {isa = PBXBuildFile; fileRef = 0CE3B7BB1B01417B00162DE4 /* PLAYER.png */; };
		0CE3B7BE1B01417B00162DE4 /* ZOMBIE.png in Resources */ = {isa = PBXBuildFile; fileRef = 0CE3B7BC1B01417B00162DE4 /* ZOMBIE.png */; };
		0CE3B7C01B02268100162DE4 /* map22.tmx in Resources */ = {isa = PBXBuildFile; fileRef = 0CE3B7BF1B02268100162DE4 /* map22.tmx */; };
		0CEE9CCB1AE5B94700814901 /* Character.swift in Sources */ = {isa = PBXBuildFile; fileRef = 0CEE9CCA1AE5B94700814901 /* Character.swift */; };
		0CF9D0D71AE9B0F20082CE6E /* wallsLayoutDev.png in Resources */ = {isa = PBXBuildFile; fileRef = 0CF9D0D61AE9B0F20082CE6E /* wallsLayoutDev.png */; };
		0CF9D0D91AEA8A580082CE6E /* NPCRouter.swift in Sources */ = {isa = PBXBuildFile; fileRef = 0CF9D0D81AEA8A580082CE6E /* NPCRouter.swift */; };
		0CFAC4101AE6FD4D00C2AFBA /* RegularEnemy.swift in Sources */ = {isa = PBXBuildFile; fileRef = 0CFAC40F1AE6FD4D00C2AFBA /* RegularEnemy.swift */; };
		0CFAC4121AE6FE0700C2AFBA /* regular_enemy.png in Resources */ = {isa = PBXBuildFile; fileRef = 0CFAC4111AE6FE0700C2AFBA /* regular_enemy.png */; };
		0CFAC4141AE7D1ED00C2AFBA /* wallsLayout.png in Resources */ = {isa = PBXBuildFile; fileRef = 0CFAC4131AE7D1ED00C2AFBA /* wallsLayout.png */; };
		0CFAC4161AE7D1F500C2AFBA /* map20.tmx in Resources */ = {isa = PBXBuildFile; fileRef = 0CFAC4151AE7D1F500C2AFBA /* map20.tmx */; };
		0CFAC41D1AE91B4400C2AFBA /* HUMAStarPathfinder.m in Sources */ = {isa = PBXBuildFile; fileRef = 0CFAC41A1AE91B4400C2AFBA /* HUMAStarPathfinder.m */; };
		0CFAC41E1AE91B4400C2AFBA /* HUMAStarPathfinderNode.m in Sources */ = {isa = PBXBuildFile; fileRef = 0CFAC41C1AE91B4400C2AFBA /* HUMAStarPathfinderNode.m */; };
/* End PBXBuildFile section */

/* Begin PBXContainerItemProxy section */
		0C0242E31AE29C7A004B7AE5 /* PBXContainerItemProxy */ = {
			isa = PBXContainerItemProxy;
			containerPortal = 0C0242C11AE29C79004B7AE5 /* Project object */;
			proxyType = 1;
			remoteGlobalIDString = 0C0242C81AE29C7A004B7AE5;
			remoteInfo = FridayRunner;
		};
/* End PBXContainerItemProxy section */

/* Begin PBXFileReference section */
		0C0242C91AE29C7A004B7AE5 /* FridayRunner.app */ = {isa = PBXFileReference; explicitFileType = wrapper.application; includeInIndex = 0; path = FridayRunner.app; sourceTree = BUILT_PRODUCTS_DIR; };
		0C0242CD1AE29C7A004B7AE5 /* Info.plist */ = {isa = PBXFileReference; lastKnownFileType = text.plist.xml; path = Info.plist; sourceTree = "<group>"; };
		0C0242CE1AE29C7A004B7AE5 /* AppDelegate.swift */ = {isa = PBXFileReference; lastKnownFileType = sourcecode.swift; path = AppDelegate.swift; sourceTree = "<group>"; };
		0C0242D01AE29C7A004B7AE5 /* GameScene.sks */ = {isa = PBXFileReference; lastKnownFileType = file.sks; name = GameScene.sks; path = ../GameScene.sks; sourceTree = "<group>"; };
		0C0242D21AE29C7A004B7AE5 /* GameScene.swift */ = {isa = PBXFileReference; lastKnownFileType = sourcecode.swift; path = GameScene.swift; sourceTree = "<group>"; };
		0C0242D41AE29C7A004B7AE5 /* GameViewController.swift */ = {isa = PBXFileReference; lastKnownFileType = sourcecode.swift; path = GameViewController.swift; sourceTree = "<group>"; };
		0C0242D71AE29C7A004B7AE5 /* Base */ = {isa = PBXFileReference; lastKnownFileType = file.storyboard; name = Base; path = Base.lproj/Main.storyboard; sourceTree = "<group>"; };
		0C0242D91AE29C7A004B7AE5 /* Images.xcassets */ = {isa = PBXFileReference; lastKnownFileType = folder.assetcatalog; name = Images.xcassets; path = ../Images.xcassets; sourceTree = "<group>"; };
		0C0242DC1AE29C7A004B7AE5 /* Base */ = {isa = PBXFileReference; lastKnownFileType = file.xib; name = Base; path = Base.lproj/LaunchScreen.xib; sourceTree = "<group>"; };
		0C0242E21AE29C7A004B7AE5 /* FridayRunnerTests.xctest */ = {isa = PBXFileReference; explicitFileType = wrapper.cfbundle; includeInIndex = 0; path = FridayRunnerTests.xctest; sourceTree = BUILT_PRODUCTS_DIR; };
		0C0242E71AE29C7A004B7AE5 /* Info.plist */ = {isa = PBXFileReference; lastKnownFileType = text.plist.xml; path = Info.plist; sourceTree = "<group>"; };
		0C0242E81AE29C7A004B7AE5 /* FridayRunnerTests.swift */ = {isa = PBXFileReference; lastKnownFileType = sourcecode.swift; path = FridayRunnerTests.swift; sourceTree = "<group>"; };
		0C0242F41AE29CAB004B7AE5 /* JSTileMap.h */ = {isa = PBXFileReference; fileEncoding = 4; lastKnownFileType = sourcecode.c.h; path = JSTileMap.h; sourceTree = "<group>"; };
		0C0242F51AE29CAB004B7AE5 /* JSTileMap.m */ = {isa = PBXFileReference; fileEncoding = 4; lastKnownFileType = sourcecode.c.objc; path = JSTileMap.m; sourceTree = "<group>"; };
		0C0242F61AE29CAB004B7AE5 /* LFCGzipUtility.h */ = {isa = PBXFileReference; fileEncoding = 4; lastKnownFileType = sourcecode.c.h; path = LFCGzipUtility.h; sourceTree = "<group>"; };
		0C0242F71AE29CAB004B7AE5 /* LFCGzipUtility.m */ = {isa = PBXFileReference; fileEncoding = 4; lastKnownFileType = sourcecode.c.objc; path = LFCGzipUtility.m; sourceTree = "<group>"; };
		0C0242FA1AE29CD9004B7AE5 /* libz.dylib */ = {isa = PBXFileReference; lastKnownFileType = "compiled.mach-o.dylib"; name = libz.dylib; path = usr/lib/libz.dylib; sourceTree = SDKROOT; };
		0C0242FE1AE29DD8004B7AE5 /* start.tmx */ = {isa = PBXFileReference; fileEncoding = 4; lastKnownFileType = text.xml; path = start.tmx; sourceTree = "<group>"; };
		0C0243001AE29DD8004B7AE5 /* floor.png */ = {isa = PBXFileReference; lastKnownFileType = image.png; path = floor.png; sourceTree = "<group>"; };
		0C0243061AE3CE94004B7AE5 /* BBLayout.png */ = {isa = PBXFileReference; lastKnownFileType = image.png; path = BBLayout.png; sourceTree = "<group>"; };
		0C0243071AE3CE94004B7AE5 /* renderedLayout.png */ = {isa = PBXFileReference; lastKnownFileType = image.png; path = renderedLayout.png; sourceTree = "<group>"; };
		0C02430A1AE3CE9D004B7AE5 /* layout map.tmx */ = {isa = PBXFileReference; fileEncoding = 4; lastKnownFileType = text.xml; path = "layout map.tmx"; sourceTree = "<group>"; };
		0C3289141AE4401300E897CD /* GameObject.swift */ = {isa = PBXFileReference; fileEncoding = 4; lastKnownFileType = sourcecode.swift; path = GameObject.swift; sourceTree = "<group>"; };
		0C3289171AE440E800E897CD /* Player.swift */ = {isa = PBXFileReference; fileEncoding = 4; lastKnownFileType = sourcecode.swift; path = Player.swift; sourceTree = "<group>"; };
		0C34443C1B069B31006E4477 /* player.atlas */ = {isa = PBXFileReference; lastKnownFileType = folder.skatlas; path = player.atlas; sourceTree = "<group>"; };
		0C677D9C1AE5236500400B89 /* simple_bullet.png */ = {isa = PBXFileReference; lastKnownFileType = image.png; path = simple_bullet.png; sourceTree = "<group>"; };
		0C677D9E1AE55ED300400B89 /* Bullet.swift */ = {isa = PBXFileReference; fileEncoding = 4; lastKnownFileType = sourcecode.swift; path = Bullet.swift; sourceTree = "<group>"; };
		0C6D85321AEE2AB500E30418 /* StoreKit.framework */ = {isa = PBXFileReference; lastKnownFileType = wrapper.framework; name = StoreKit.framework; path = System/Library/Frameworks/StoreKit.framework; sourceTree = SDKROOT; };
		0C6D85341AEE2AD200E30418 /* GameKit.framework */ = {isa = PBXFileReference; lastKnownFileType = wrapper.framework; name = GameKit.framework; path = System/Library/Frameworks/GameKit.framework; sourceTree = SDKROOT; };
		0C9B9F3E1AEF982E009AED22 /* map21.tmx */ = {isa = PBXFileReference; fileEncoding = 4; lastKnownFileType = text.xml; path = map21.tmx; sourceTree = "<group>"; };
		0CE3B7BB1B01417B00162DE4 /* PLAYER.png */ = {isa = PBXFileReference; lastKnownFileType = image.png; path = PLAYER.png; sourceTree = "<group>"; };
		0CE3B7BC1B01417B00162DE4 /* ZOMBIE.png */ = {isa = PBXFileReference; lastKnownFileType = image.png; path = ZOMBIE.png; sourceTree = "<group>"; };
		0CE3B7BF1B02268100162DE4 /* map22.tmx */ = {isa = PBXFileReference; fileEncoding = 4; lastKnownFileType = text.xml; path = map22.tmx; sourceTree = "<group>"; };
		0CEE9CCA1AE5B94700814901 /* Character.swift */ = {isa = PBXFileReference; fileEncoding = 4; lastKnownFileType = sourcecode.swift; path = Character.swift; sourceTree = "<group>"; };
		0CF9D0D61AE9B0F20082CE6E /* wallsLayoutDev.png */ = {isa = PBXFileReference; lastKnownFileType = image.png; path = wallsLayoutDev.png; sourceTree = "<group>"; };
		0CF9D0D81AEA8A580082CE6E /* NPCRouter.swift */ = {isa = PBXFileReference; fileEncoding = 4; lastKnownFileType = sourcecode.swift; path = NPCRouter.swift; sourceTree = "<group>"; };
		0CFAC40F1AE6FD4D00C2AFBA /* RegularEnemy.swift */ = {isa = PBXFileReference; fileEncoding = 4; lastKnownFileType = sourcecode.swift; path = RegularEnemy.swift; sourceTree = "<group>"; };
		0CFAC4111AE6FE0700C2AFBA /* regular_enemy.png */ = {isa = PBXFileReference; lastKnownFileType = image.png; path = regular_enemy.png; sourceTree = "<group>"; };
		0CFAC4131AE7D1ED00C2AFBA /* wallsLayout.png */ = {isa = PBXFileReference; lastKnownFileType = image.png; path = wallsLayout.png; sourceTree = "<group>"; };
		0CFAC4151AE7D1F500C2AFBA /* map20.tmx */ = {isa = PBXFileReference; fileEncoding = 4; lastKnownFileType = text.xml; path = map20.tmx; sourceTree = "<group>"; };
		0CFAC4191AE91B4400C2AFBA /* HUMAStarPathfinder.h */ = {isa = PBXFileReference; fileEncoding = 4; lastKnownFileType = sourcecode.c.h; path = HUMAStarPathfinder.h; sourceTree = "<group>"; };
		0CFAC41A1AE91B4400C2AFBA /* HUMAStarPathfinder.m */ = {isa = PBXFileReference; fileEncoding = 4; lastKnownFileType = sourcecode.c.objc; path = HUMAStarPathfinder.m; sourceTree = "<group>"; };
		0CFAC41B1AE91B4400C2AFBA /* HUMAStarPathfinderNode.h */ = {isa = PBXFileReference; fileEncoding = 4; lastKnownFileType = sourcecode.c.h; path = HUMAStarPathfinderNode.h; sourceTree = "<group>"; };
		0CFAC41C1AE91B4400C2AFBA /* HUMAStarPathfinderNode.m */ = {isa = PBXFileReference; fileEncoding = 4; lastKnownFileType = sourcecode.c.objc; path = HUMAStarPathfinderNode.m; sourceTree = "<group>"; };
		0CFAC41F1AE91BDA00C2AFBA /* FridayRunner-Bridging-Header.h */ = {isa = PBXFileReference; lastKnownFileType = sourcecode.c.h; path = "FridayRunner-Bridging-Header.h"; sourceTree = "<group>"; };
/* End PBXFileReference section */

/* Begin PBXFrameworksBuildPhase section */
		0C0242C61AE29C7A004B7AE5 /* Frameworks */ = {
			isa = PBXFrameworksBuildPhase;
			buildActionMask = 2147483647;
			files = (
				0C6D85351AEE2AD200E30418 /* GameKit.framework in Frameworks */,
				0C0242FB1AE29CD9004B7AE5 /* libz.dylib in Frameworks */,
				0C6D85331AEE2AB500E30418 /* StoreKit.framework in Frameworks */,
			);
			runOnlyForDeploymentPostprocessing = 0;
		};
		0C0242DF1AE29C7A004B7AE5 /* Frameworks */ = {
			isa = PBXFrameworksBuildPhase;
			buildActionMask = 2147483647;
			files = (
			);
			runOnlyForDeploymentPostprocessing = 0;
		};
/* End PBXFrameworksBuildPhase section */

/* Begin PBXGroup section */
		0C0242C01AE29C79004B7AE5 = {
			isa = PBXGroup;
			children = (
				0C0242CB1AE29C7A004B7AE5 /* FridayRunner */,
				0C3289161AE4408500E897CD /* Libraries */,
				0C0242E51AE29C7A004B7AE5 /* FridayRunnerTests */,
				0C0242CA1AE29C7A004B7AE5 /* Products */,
			);
			sourceTree = "<group>";
		};
		0C0242CA1AE29C7A004B7AE5 /* Products */ = {
			isa = PBXGroup;
			children = (
				0C0242C91AE29C7A004B7AE5 /* FridayRunner.app */,
				0C0242E21AE29C7A004B7AE5 /* FridayRunnerTests.xctest */,
			);
			name = Products;
			sourceTree = "<group>";
		};
		0C0242CB1AE29C7A004B7AE5 /* FridayRunner */ = {
			isa = PBXGroup;
			children = (
				0CFAC4181AE91B0B00C2AFBA /* AStar */,
				0C0242F21AE29CAB004B7AE5 /* JSTileMap */,
				0C0242D21AE29C7A004B7AE5 /* GameScene.swift */,
				0CF9D0D81AEA8A580082CE6E /* NPCRouter.swift */,
				0C3289141AE4401300E897CD /* GameObject.swift */,
				0CEE9CCA1AE5B94700814901 /* Character.swift */,
				0C3289171AE440E800E897CD /* Player.swift */,
				0CFAC40F1AE6FD4D00C2AFBA /* RegularEnemy.swift */,
				0C677D9E1AE55ED300400B89 /* Bullet.swift */,
				0C0242D41AE29C7A004B7AE5 /* GameViewController.swift */,
				0C0242CE1AE29C7A004B7AE5 /* AppDelegate.swift */,
				0CFAC41F1AE91BDA00C2AFBA /* FridayRunner-Bridging-Header.h */,
				0C0242FC1AE29DD8004B7AE5 /* Resources */,
			);
			path = FridayRunner;
			sourceTree = "<group>";
		};
		0C0242CC1AE29C7A004B7AE5 /* Supporting Files */ = {
			isa = PBXGroup;
			children = (
				0C0242CD1AE29C7A004B7AE5 /* Info.plist */,
			);
			name = "Supporting Files";
			path = ..;
			sourceTree = "<group>";
		};
		0C0242E51AE29C7A004B7AE5 /* FridayRunnerTests */ = {
			isa = PBXGroup;
			children = (
				0C0242E81AE29C7A004B7AE5 /* FridayRunnerTests.swift */,
				0C0242E61AE29C7A004B7AE5 /* Supporting Files */,
			);
			path = FridayRunnerTests;
			sourceTree = "<group>";
		};
		0C0242E61AE29C7A004B7AE5 /* Supporting Files */ = {
			isa = PBXGroup;
			children = (
				0C0242E71AE29C7A004B7AE5 /* Info.plist */,
			);
			name = "Supporting Files";
			sourceTree = "<group>";
		};
		0C0242F21AE29CAB004B7AE5 /* JSTileMap */ = {
			isa = PBXGroup;
			children = (
				0C0242F41AE29CAB004B7AE5 /* JSTileMap.h */,
				0C0242F51AE29CAB004B7AE5 /* JSTileMap.m */,
				0C0242F61AE29CAB004B7AE5 /* LFCGzipUtility.h */,
				0C0242F71AE29CAB004B7AE5 /* LFCGzipUtility.m */,
			);
			path = JSTileMap;
			sourceTree = "<group>";
		};
		0C0242FC1AE29DD8004B7AE5 /* Resources */ = {
			isa = PBXGroup;
			children = (
				0C0243031AE2A860004B7AE5 /* Mobs */,
				0C0242FD1AE29DD8004B7AE5 /* Maps */,
				0C0242FF1AE29DD8004B7AE5 /* Tiles */,
				0C677D9B1AE5236500400B89 /* Bullets */,
				0C0242D01AE29C7A004B7AE5 /* GameScene.sks */,
				0C0242D61AE29C7A004B7AE5 /* Main.storyboard */,
				0C0242D91AE29C7A004B7AE5 /* Images.xcassets */,
				0C0242DB1AE29C7A004B7AE5 /* LaunchScreen.xib */,
				0C0242CC1AE29C7A004B7AE5 /* Supporting Files */,
			);
			name = Resources;
			path = FridayRunner/Resources;
			sourceTree = SOURCE_ROOT;
		};
		0C0242FD1AE29DD8004B7AE5 /* Maps */ = {
			isa = PBXGroup;
			children = (
				0C0242FE1AE29DD8004B7AE5 /* start.tmx */,
				0C02430A1AE3CE9D004B7AE5 /* layout map.tmx */,
				0CFAC4151AE7D1F500C2AFBA /* map20.tmx */,
				0C9B9F3E1AEF982E009AED22 /* map21.tmx */,
				0CE3B7BF1B02268100162DE4 /* map22.tmx */,
			);
			path = Maps;
			sourceTree = "<group>";
		};
		0C0242FF1AE29DD8004B7AE5 /* Tiles */ = {
			isa = PBXGroup;
			children = (
				0C0243061AE3CE94004B7AE5 /* BBLayout.png */,
				0CFAC4131AE7D1ED00C2AFBA /* wallsLayout.png */,
				0C0243071AE3CE94004B7AE5 /* renderedLayout.png */,
				0C0243001AE29DD8004B7AE5 /* floor.png */,
				0CF9D0D61AE9B0F20082CE6E /* wallsLayoutDev.png */,
			);
			path = Tiles;
			sourceTree = "<group>";
		};
		0C0243031AE2A860004B7AE5 /* Mobs */ = {
			isa = PBXGroup;
			children = (
				0C34443C1B069B31006E4477 /* player.atlas */,
				0CE3B7BB1B01417B00162DE4 /* PLAYER.png */,
				0CE3B7BC1B01417B00162DE4 /* ZOMBIE.png */,
				0CFAC4111AE6FE0700C2AFBA /* regular_enemy.png */,
			);
			name = Mobs;
			path = FridayRunner/Resources/Mobs;
			sourceTree = SOURCE_ROOT;
		};
		0C3289161AE4408500E897CD /* Libraries */ = {
			isa = PBXGroup;
			children = (
				0C6D85341AEE2AD200E30418 /* GameKit.framework */,
				0C6D85321AEE2AB500E30418 /* StoreKit.framework */,
				0C0242FA1AE29CD9004B7AE5 /* libz.dylib */,
			);
			name = Libraries;
			sourceTree = "<group>";
		};
		0C677D9B1AE5236500400B89 /* Bullets */ = {
			isa = PBXGroup;
			children = (
				0C677D9C1AE5236500400B89 /* simple_bullet.png */,
			);
			name = Bullets;
			path = FridayRunner/Resources/Bullets;
			sourceTree = SOURCE_ROOT;
		};
		0CFAC4181AE91B0B00C2AFBA /* AStar */ = {
			isa = PBXGroup;
			children = (
				0CFAC4191AE91B4400C2AFBA /* HUMAStarPathfinder.h */,
				0CFAC41A1AE91B4400C2AFBA /* HUMAStarPathfinder.m */,
				0CFAC41B1AE91B4400C2AFBA /* HUMAStarPathfinderNode.h */,
				0CFAC41C1AE91B4400C2AFBA /* HUMAStarPathfinderNode.m */,
			);
			path = AStar;
			sourceTree = "<group>";
		};
/* End PBXGroup section */

/* Begin PBXNativeTarget section */
		0C0242C81AE29C7A004B7AE5 /* FridayRunner */ = {
			isa = PBXNativeTarget;
			buildConfigurationList = 0C0242EC1AE29C7A004B7AE5 /* Build configuration list for PBXNativeTarget "FridayRunner" */;
			buildPhases = (
				0C0242C51AE29C7A004B7AE5 /* Sources */,
				0C0242C61AE29C7A004B7AE5 /* Frameworks */,
				0C0242C71AE29C7A004B7AE5 /* Resources */,
			);
			buildRules = (
			);
			dependencies = (
			);
			name = FridayRunner;
			productName = FridayRunner;
			productReference = 0C0242C91AE29C7A004B7AE5 /* FridayRunner.app */;
			productType = "com.apple.product-type.application";
		};
		0C0242E11AE29C7A004B7AE5 /* FridayRunnerTests */ = {
			isa = PBXNativeTarget;
			buildConfigurationList = 0C0242EF1AE29C7A004B7AE5 /* Build configuration list for PBXNativeTarget "FridayRunnerTests" */;
			buildPhases = (
				0C0242DE1AE29C7A004B7AE5 /* Sources */,
				0C0242DF1AE29C7A004B7AE5 /* Frameworks */,
				0C0242E01AE29C7A004B7AE5 /* Resources */,
			);
			buildRules = (
			);
			dependencies = (
				0C0242E41AE29C7A004B7AE5 /* PBXTargetDependency */,
			);
			name = FridayRunnerTests;
			productName = FridayRunnerTests;
			productReference = 0C0242E21AE29C7A004B7AE5 /* FridayRunnerTests.xctest */;
			productType = "com.apple.product-type.bundle.unit-test";
		};
/* End PBXNativeTarget section */

/* Begin PBXProject section */
		0C0242C11AE29C79004B7AE5 /* Project object */ = {
			isa = PBXProject;
			attributes = {
				LastUpgradeCheck = 0630;
				ORGANIZATIONNAME = "Oleksii Chernikov";
				TargetAttributes = {
					0C0242C81AE29C7A004B7AE5 = {
						CreatedOnToolsVersion = 6.3;
						DevelopmentTeam = GZX75F9DH8;
						SystemCapabilities = {
							com.apple.GameCenter = {
								enabled = 1;
							};
							com.apple.InAppPurchase = {
								enabled = 1;
							};
						};
					};
					0C0242E11AE29C7A004B7AE5 = {
						CreatedOnToolsVersion = 6.3;
						TestTargetID = 0C0242C81AE29C7A004B7AE5;
					};
				};
			};
			buildConfigurationList = 0C0242C41AE29C79004B7AE5 /* Build configuration list for PBXProject "FridayRunner" */;
			compatibilityVersion = "Xcode 3.2";
			developmentRegion = English;
			hasScannedForEncodings = 0;
			knownRegions = (
				en,
				Base,
			);
			mainGroup = 0C0242C01AE29C79004B7AE5;
			productRefGroup = 0C0242CA1AE29C7A004B7AE5 /* Products */;
			projectDirPath = "";
			projectRoot = "";
			targets = (
				0C0242C81AE29C7A004B7AE5 /* FridayRunner */,
				0C0242E11AE29C7A004B7AE5 /* FridayRunnerTests */,
			);
		};
/* End PBXProject section */

/* Begin PBXResourcesBuildPhase section */
		0C0242C71AE29C7A004B7AE5 /* Resources */ = {
			isa = PBXResourcesBuildPhase;
			buildActionMask = 2147483647;
			files = (
				0CE3B7BE1B01417B00162DE4 /* ZOMBIE.png in Resources */,
				0CE3B7C01B02268100162DE4 /* map22.tmx in Resources */,
				0C9B9F3F1AEF982E009AED22 /* map21.tmx in Resources */,
				0C0243081AE3CE94004B7AE5 /* BBLayout.png in Resources */,
				0C0243021AE29DD8004B7AE5 /* floor.png in Resources */,
				0C02430B1AE3CE9D004B7AE5 /* layout map.tmx in Resources */,
				0C0243091AE3CE94004B7AE5 /* renderedLayout.png in Resources */,
				0C34443D1B069B31006E4477 /* player.atlas in Resources */,
				0CE3B7BD1B01417B00162DE4 /* PLAYER.png in Resources */,
				0C0243011AE29DD8004B7AE5 /* start.tmx in Resources */,
				0CFAC4161AE7D1F500C2AFBA /* map20.tmx in Resources */,
				0C0242DD1AE29C7A004B7AE5 /* LaunchScreen.xib in Resources */,
				0CFAC4141AE7D1ED00C2AFBA /* wallsLayout.png in Resources */,
				0CFAC4121AE6FE0700C2AFBA /* regular_enemy.png in Resources */,
				0CF9D0D71AE9B0F20082CE6E /* wallsLayoutDev.png in Resources */,
				0C0242DA1AE29C7A004B7AE5 /* Images.xcassets in Resources */,
				0C677D9D1AE5236500400B89 /* simple_bullet.png in Resources */,
				0C0242D11AE29C7A004B7AE5 /* GameScene.sks in Resources */,
				0C0242D81AE29C7A004B7AE5 /* Main.storyboard in Resources */,
			);
			runOnlyForDeploymentPostprocessing = 0;
		};
		0C0242E01AE29C7A004B7AE5 /* Resources */ = {
			isa = PBXResourcesBuildPhase;
			buildActionMask = 2147483647;
			files = (
			);
			runOnlyForDeploymentPostprocessing = 0;
		};
/* End PBXResourcesBuildPhase section */

/* Begin PBXSourcesBuildPhase section */
		0C0242C51AE29C7A004B7AE5 /* Sources */ = {
			isa = PBXSourcesBuildPhase;
			buildActionMask = 2147483647;
			files = (
				0CEE9CCB1AE5B94700814901 /* Character.swift in Sources */,
				0C0242D31AE29C7A004B7AE5 /* GameScene.swift in Sources */,
				0C0242F91AE29CAB004B7AE5 /* LFCGzipUtility.m in Sources */,
				0CFAC4101AE6FD4D00C2AFBA /* RegularEnemy.swift in Sources */,
				0CFAC41D1AE91B4400C2AFBA /* HUMAStarPathfinder.m in Sources */,
				0C3289151AE4401300E897CD /* GameObject.swift in Sources */,
				0C0242D51AE29C7A004B7AE5 /* GameViewController.swift in Sources */,
				0CF9D0D91AEA8A580082CE6E /* NPCRouter.swift in Sources */,
				0C3289181AE440E800E897CD /* Player.swift in Sources */,
				0C0242CF1AE29C7A004B7AE5 /* AppDelegate.swift in Sources */,
				0C0242F81AE29CAB004B7AE5 /* JSTileMap.m in Sources */,
				0C677D9F1AE55ED300400B89 /* Bullet.swift in Sources */,
				0CFAC41E1AE91B4400C2AFBA /* HUMAStarPathfinderNode.m in Sources */,
			);
			runOnlyForDeploymentPostprocessing = 0;
		};
		0C0242DE1AE29C7A004B7AE5 /* Sources */ = {
			isa = PBXSourcesBuildPhase;
			buildActionMask = 2147483647;
			files = (
				0C0242E91AE29C7A004B7AE5 /* FridayRunnerTests.swift in Sources */,
			);
			runOnlyForDeploymentPostprocessing = 0;
		};
/* End PBXSourcesBuildPhase section */

/* Begin PBXTargetDependency section */
		0C0242E41AE29C7A004B7AE5 /* PBXTargetDependency */ = {
			isa = PBXTargetDependency;
			target = 0C0242C81AE29C7A004B7AE5 /* FridayRunner */;
			targetProxy = 0C0242E31AE29C7A004B7AE5 /* PBXContainerItemProxy */;
		};
/* End PBXTargetDependency section */

/* Begin PBXVariantGroup section */
		0C0242D61AE29C7A004B7AE5 /* Main.storyboard */ = {
			isa = PBXVariantGroup;
			children = (
				0C0242D71AE29C7A004B7AE5 /* Base */,
			);
			name = Main.storyboard;
			path = ..;
			sourceTree = "<group>";
		};
		0C0242DB1AE29C7A004B7AE5 /* LaunchScreen.xib */ = {
			isa = PBXVariantGroup;
			children = (
				0C0242DC1AE29C7A004B7AE5 /* Base */,
			);
			name = LaunchScreen.xib;
			path = ..;
			sourceTree = "<group>";
		};
/* End PBXVariantGroup section */

/* Begin XCBuildConfiguration section */
		0C0242EA1AE29C7A004B7AE5 /* Debug */ = {
			isa = XCBuildConfiguration;
			buildSettings = {
				ALWAYS_SEARCH_USER_PATHS = NO;
				CLANG_CXX_LANGUAGE_STANDARD = "gnu++0x";
				CLANG_CXX_LIBRARY = "libc++";
				CLANG_ENABLE_MODULES = YES;
				CLANG_ENABLE_OBJC_ARC = YES;
				CLANG_WARN_BOOL_CONVERSION = YES;
				CLANG_WARN_CONSTANT_CONVERSION = YES;
				CLANG_WARN_DIRECT_OBJC_ISA_USAGE = YES_ERROR;
				CLANG_WARN_EMPTY_BODY = YES;
				CLANG_WARN_ENUM_CONVERSION = YES;
				CLANG_WARN_INT_CONVERSION = YES;
				CLANG_WARN_OBJC_ROOT_CLASS = YES_ERROR;
				CLANG_WARN_UNREACHABLE_CODE = YES;
				CLANG_WARN__DUPLICATE_METHOD_MATCH = YES;
				"CODE_SIGN_IDENTITY[sdk=iphoneos*]" = "iPhone Developer";
				COPY_PHASE_STRIP = NO;
				DEBUG_INFORMATION_FORMAT = "dwarf-with-dsym";
				ENABLE_STRICT_OBJC_MSGSEND = YES;
				GCC_C_LANGUAGE_STANDARD = gnu99;
				GCC_DYNAMIC_NO_PIC = NO;
				GCC_NO_COMMON_BLOCKS = YES;
				GCC_OPTIMIZATION_LEVEL = 0;
				GCC_PREPROCESSOR_DEFINITIONS = (
					"DEBUG=1",
					"$(inherited)",
				);
				GCC_SYMBOLS_PRIVATE_EXTERN = NO;
				GCC_WARN_64_TO_32_BIT_CONVERSION = YES;
				GCC_WARN_ABOUT_RETURN_TYPE = YES_ERROR;
				GCC_WARN_UNDECLARED_SELECTOR = YES;
				GCC_WARN_UNINITIALIZED_AUTOS = YES_AGGRESSIVE;
				GCC_WARN_UNUSED_FUNCTION = YES;
				GCC_WARN_UNUSED_VARIABLE = YES;
				IPHONEOS_DEPLOYMENT_TARGET = 8.0;
				MTL_ENABLE_DEBUG_INFO = YES;
				ONLY_ACTIVE_ARCH = YES;
				SDKROOT = iphoneos;
				SWIFT_OPTIMIZATION_LEVEL = "-Onone";
				TARGETED_DEVICE_FAMILY = "1,2";
			};
			name = Debug;
		};
		0C0242EB1AE29C7A004B7AE5 /* Release */ = {
			isa = XCBuildConfiguration;
			buildSettings = {
				ALWAYS_SEARCH_USER_PATHS = NO;
				CLANG_CXX_LANGUAGE_STANDARD = "gnu++0x";
				CLANG_CXX_LIBRARY = "libc++";
				CLANG_ENABLE_MODULES = YES;
				CLANG_ENABLE_OBJC_ARC = YES;
				CLANG_WARN_BOOL_CONVERSION = YES;
				CLANG_WARN_CONSTANT_CONVERSION = YES;
				CLANG_WARN_DIRECT_OBJC_ISA_USAGE = YES_ERROR;
				CLANG_WARN_EMPTY_BODY = YES;
				CLANG_WARN_ENUM_CONVERSION = YES;
				CLANG_WARN_INT_CONVERSION = YES;
				CLANG_WARN_OBJC_ROOT_CLASS = YES_ERROR;
				CLANG_WARN_UNREACHABLE_CODE = YES;
				CLANG_WARN__DUPLICATE_METHOD_MATCH = YES;
				"CODE_SIGN_IDENTITY[sdk=iphoneos*]" = "iPhone Developer";
				COPY_PHASE_STRIP = NO;
				DEBUG_INFORMATION_FORMAT = "dwarf-with-dsym";
				ENABLE_NS_ASSERTIONS = NO;
				ENABLE_STRICT_OBJC_MSGSEND = YES;
				GCC_C_LANGUAGE_STANDARD = gnu99;
				GCC_NO_COMMON_BLOCKS = YES;
				GCC_WARN_64_TO_32_BIT_CONVERSION = YES;
				GCC_WARN_ABOUT_RETURN_TYPE = YES_ERROR;
				GCC_WARN_UNDECLARED_SELECTOR = YES;
				GCC_WARN_UNINITIALIZED_AUTOS = YES_AGGRESSIVE;
				GCC_WARN_UNUSED_FUNCTION = YES;
				GCC_WARN_UNUSED_VARIABLE = YES;
				IPHONEOS_DEPLOYMENT_TARGET = 8.0;
				MTL_ENABLE_DEBUG_INFO = NO;
				SDKROOT = iphoneos;
				TARGETED_DEVICE_FAMILY = "1,2";
				VALIDATE_PRODUCT = YES;
			};
			name = Release;
		};
		0C0242ED1AE29C7A004B7AE5 /* Debug */ = {
			isa = XCBuildConfiguration;
			buildSettings = {
				ASSETCATALOG_COMPILER_APPICON_NAME = AppIcon;
				CODE_SIGN_IDENTITY = "iPhone Developer";
				"CODE_SIGN_IDENTITY[sdk=iphoneos*]" = "iPhone Developer";
				INFOPLIST_FILE = FridayRunner/Info.plist;
				LD_RUNPATH_SEARCH_PATHS = "$(inherited) @executable_path/Frameworks";
				PRODUCT_NAME = "$(TARGET_NAME)";
				PROVISIONING_PROFILE = "";
				SWIFT_OBJC_BRIDGING_HEADER = "FridayRunner/FridayRunner-Bridging-Header.h";
			};
			name = Debug;
		};
		0C0242EE1AE29C7A004B7AE5 /* Release */ = {
			isa = XCBuildConfiguration;
			buildSettings = {
				ASSETCATALOG_COMPILER_APPICON_NAME = AppIcon;
				CODE_SIGN_IDENTITY = "iPhone Developer";
				"CODE_SIGN_IDENTITY[sdk=iphoneos*]" = "iPhone Developer";
				INFOPLIST_FILE = FridayRunner/Info.plist;
				LD_RUNPATH_SEARCH_PATHS = "$(inherited) @executable_path/Frameworks";
				PRODUCT_NAME = "$(TARGET_NAME)";
				PROVISIONING_PROFILE = "";
				SWIFT_OBJC_BRIDGING_HEADER = "FridayRunner/FridayRunner-Bridging-Header.h";
			};
			name = Release;
		};
		0C0242F01AE29C7A004B7AE5 /* Debug */ = {
			isa = XCBuildConfiguration;
			buildSettings = {
				BUNDLE_LOADER = "$(TEST_HOST)";
				FRAMEWORK_SEARCH_PATHS = (
					"$(SDKROOT)/Developer/Library/Frameworks",
					"$(inherited)",
				);
				GCC_PREPROCESSOR_DEFINITIONS = (
					"DEBUG=1",
					"$(inherited)",
				);
				INFOPLIST_FILE = FridayRunnerTests/Info.plist;
				LD_RUNPATH_SEARCH_PATHS = "$(inherited) @executable_path/Frameworks @loader_path/Frameworks";
				PRODUCT_NAME = "$(TARGET_NAME)";
				TEST_HOST = "$(BUILT_PRODUCTS_DIR)/FridayRunner.app/FridayRunner";
			};
			name = Debug;
		};
		0C0242F11AE29C7A004B7AE5 /* Release */ = {
			isa = XCBuildConfiguration;
			buildSettings = {
				BUNDLE_LOADER = "$(TEST_HOST)";
				FRAMEWORK_SEARCH_PATHS = (
					"$(SDKROOT)/Developer/Library/Frameworks",
					"$(inherited)",
				);
				INFOPLIST_FILE = FridayRunnerTests/Info.plist;
				LD_RUNPATH_SEARCH_PATHS = "$(inherited) @executable_path/Frameworks @loader_path/Frameworks";
				PRODUCT_NAME = "$(TARGET_NAME)";
				TEST_HOST = "$(BUILT_PRODUCTS_DIR)/FridayRunner.app/FridayRunner";
			};
			name = Release;
		};
/* End XCBuildConfiguration section */

/* Begin XCConfigurationList section */
		0C0242C41AE29C79004B7AE5 /* Build configuration list for PBXProject "FridayRunner" */ = {
			isa = XCConfigurationList;
			buildConfigurations = (
				0C0242EA1AE29C7A004B7AE5 /* Debug */,
				0C0242EB1AE29C7A004B7AE5 /* Release */,
			);
			defaultConfigurationIsVisible = 0;
			defaultConfigurationName = Release;
		};
		0C0242EC1AE29C7A004B7AE5 /* Build configuration list for PBXNativeTarget "FridayRunner" */ = {
			isa = XCConfigurationList;
			buildConfigurations = (
				0C0242ED1AE29C7A004B7AE5 /* Debug */,
				0C0242EE1AE29C7A004B7AE5 /* Release */,
			);
			defaultConfigurationIsVisible = 0;
			defaultConfigurationName = Release;
		};
		0C0242EF1AE29C7A004B7AE5 /* Build configuration list for PBXNativeTarget "FridayRunnerTests" */ = {
			isa = XCConfigurationList;
			buildConfigurations = (
				0C0242F01AE29C7A004B7AE5 /* Debug */,
				0C0242F11AE29C7A004B7AE5 /* Release */,
			);
			defaultConfigurationIsVisible = 0;
			defaultConfigurationName = Release;
		};
/* End XCConfigurationList section */
	};
	rootObject = 0C0242C11AE29C79004B7AE5 /* Project object */;
}
